
Microsoft Visual Studio Solution File, Format Version 12.00
# Visual Studio 15
VisualStudioVersion = 15.0.28307.757
MinimumVisualStudioVersion = 10.0.40219.1
Project("{FAE04EC0-301F-11D3-BF4B-00C04F79EFBC}") = "TMSAPI", "TMSAPI\TMSAPI.csproj", "{391DBB39-00AD-40D2-ACF5-6BA031071307}"
EndProject
Project("{FAE04EC0-301F-11D3-BF4B-00C04F79EFBC}") = "TMSBL", "TMSBL\TMSBL.csproj", "{64B3EE28-6628-4A85-9199-DE8C78EC9D54}"
EndProject
Project("{FAE04EC0-301F-11D3-BF4B-00C04F79EFBC}") = "TMSDL", "TMSDL\TMSDL.csproj", "{857B9FCD-86D7-42A8-AC3A-0717B3AD9E33}"
EndProject
Project("{FAE04EC0-301F-11D3-BF4B-00C04F79EFBC}") = "TMSBO", "TMSBO\TMSBO.csproj", "{071D837C-129A-4CCF-B0F5-C5FDE939BE1B}"
EndProject
Project("{FAE04EC0-301F-11D3-BF4B-00C04F79EFBC}") = "Library", "Library\Library.csproj", "{79A94140-F356-44BE-85EB-114FC6ADB9F2}"
EndProject
Global
	GlobalSection(SolutionConfigurationPlatforms) = preSolution
		Debug|Any CPU = Debug|Any CPU
		Release|Any CPU = Release|Any CPU
	EndGlobalSection
	GlobalSection(ProjectConfigurationPlatforms) = postSolution
		{391DBB39-00AD-40D2-ACF5-6BA031071307}.Debug|Any CPU.ActiveCfg = Debug|Any CPU
		{391DBB39-00AD-40D2-ACF5-6BA031071307}.Debug|Any CPU.Build.0 = Debug|Any CPU
		{391DBB39-00AD-40D2-ACF5-6BA031071307}.Release|Any CPU.ActiveCfg = Release|Any CPU
		{391DBB39-00AD-40D2-ACF5-6BA031071307}.Release|Any CPU.Build.0 = Release|Any CPU
		{64B3EE28-6628-4A85-9199-DE8C78EC9D54}.Debug|Any CPU.ActiveCfg = Debug|Any CPU
		{64B3EE28-6628-4A85-9199-DE8C78EC9D54}.Debug|Any CPU.Build.0 = Debug|Any CPU
		{64B3EE28-6628-4A85-9199-DE8C78EC9D54}.Release|Any CPU.ActiveCfg = Release|Any CPU
		{64B3EE28-6628-4A85-9199-DE8C78EC9D54}.Release|Any CPU.Build.0 = Release|Any CPU
		{857B9FCD-86D7-42A8-AC3A-0717B3AD9E33}.Debug|Any CPU.ActiveCfg = Debug|Any CPU
		{857B9FCD-86D7-42A8-AC3A-0717B3AD9E33}.Debug|Any CPU.Build.0 = Debug|Any CPU
		{857B9FCD-86D7-42A8-AC3A-0717B3AD9E33}.Release|Any CPU.ActiveCfg = Release|Any CPU
		{857B9FCD-86D7-42A8-AC3A-0717B3AD9E33}.Release|Any CPU.Build.0 = Release|Any CPU
		{071D837C-129A-4CCF-B0F5-C5FDE939BE1B}.Debug|Any CPU.ActiveCfg = Debug|Any CPU
		{071D837C-129A-4CCF-B0F5-C5FDE939BE1B}.Debug|Any CPU.Build.0 = Debug|Any CPU
		{071D837C-129A-4CCF-B0F5-C5FDE939BE1B}.Release|Any CPU.ActiveCfg = Release|Any CPU
		{071D837C-129A-4CCF-B0F5-C5FDE939BE1B}.Release|Any CPU.Build.0 = Release|Any CPU
		{79A94140-F356-44BE-85EB-114FC6ADB9F2}.Debug|Any CPU.ActiveCfg = Debug|Any CPU
		{79A94140-F356-44BE-85EB-114FC6ADB9F2}.Debug|Any CPU.Build.0 = Debug|Any CPU
		{79A94140-F356-44BE-85EB-114FC6ADB9F2}.Release|Any CPU.ActiveCfg = Release|Any CPU
		{79A94140-F356-44BE-85EB-114FC6ADB9F2}.Release|Any CPU.Build.0 = Release|Any CPU
	EndGlobalSection
	GlobalSection(SolutionProperties) = preSolution
		HideSolutionNode = FALSE
	EndGlobalSection
	GlobalSection(ExtensibilityGlobals) = postSolution
		SolutionGuid = {80847F9B-7D93-47FB-BB15-68457BE1F7EC}
	EndGlobalSection
EndGlobal
